
Microsoft Visual Studio Solution File, Format Version 12.00
# Visual Studio 15
VisualStudioVersion = 15.0.27130.2010
MinimumVisualStudioVersion = 10.0.40219.1
Project("{FAE04EC0-301F-11D3-BF4B-00C04F79EFBC}") = "FrontEnd", "FrontEnd\FrontEnd.csproj", "{5381A43A-99DA-4184-A507-6B04BD2D5034}"
EndProject
Project("{FAE04EC0-301F-11D3-BF4B-00C04F79EFBC}") = "BackEnd", "BackEnd\BackEnd.csproj", "{7D53570C-A177-4C0C-8CC1-D69CED25F89A}"
EndProject
Project("{2150E333-8FDC-42A3-9474-1A3956D46DE8}") = "Yaml", "Yaml", "{2345EC99-1135-4D23-A6B1-8FEC25EB4543}"
	ProjectSection(SolutionItems) = preProject
		Yaml\backend.yaml = Yaml\backend.yaml
		Yaml\frontend.yaml = Yaml\frontend.yaml
		Yaml\istio.yaml = Yaml\istio.yaml
		Yaml\zipkin.yaml = Yaml\zipkin.yaml
	EndProjectSection
EndProject
Global
	GlobalSection(SolutionConfigurationPlatforms) = preSolution
		Debug|Any CPU = Debug|Any CPU
		Release|Any CPU = Release|Any CPU
	EndGlobalSection
	GlobalSection(ProjectConfigurationPlatforms) = postSolution
		{5381A43A-99DA-4184-A507-6B04BD2D5034}.Debug|Any CPU.ActiveCfg = Debug|Any CPU
		{5381A43A-99DA-4184-A507-6B04BD2D5034}.Debug|Any CPU.Build.0 = Debug|Any CPU
		{5381A43A-99DA-4184-A507-6B04BD2D5034}.Release|Any CPU.ActiveCfg = Release|Any CPU
		{5381A43A-99DA-4184-A507-6B04BD2D5034}.Release|Any CPU.Build.0 = Release|Any CPU
		{7D53570C-A177-4C0C-8CC1-D69CED25F89A}.Debug|Any CPU.ActiveCfg = Debug|Any CPU
		{7D53570C-A177-4C0C-8CC1-D69CED25F89A}.Debug|Any CPU.Build.0 = Debug|Any CPU
		{7D53570C-A177-4C0C-8CC1-D69CED25F89A}.Release|Any CPU.ActiveCfg = Release|Any CPU
		{7D53570C-A177-4C0C-8CC1-D69CED25F89A}.Release|Any CPU.Build.0 = Release|Any CPU
	EndGlobalSection
	GlobalSection(SolutionProperties) = preSolution
		HideSolutionNode = FALSE
	EndGlobalSection
	GlobalSection(ExtensibilityGlobals) = postSolution
		SolutionGuid = {7EEC17A5-2EDD-4B8D-AA3A-060EEF965351}
	EndGlobalSection
EndGlobal
